// !$*UTF8*$!
{
	archiveVersion = 1;
	classes = {
	};
	objectVersion = 56;
	objects = {

/* Begin PBXBuildFile section */
		DC0C3D112B5F655900D9BBB2 /* Game.cpp in Sources */ = {isa = PBXBuildFile; fileRef = DC0C3D0F2B5F655900D9BBB2 /* Game.cpp */; };
		DC0C3D132B5F732F00D9BBB2 /* SDL2_image.framework in Frameworks */ = {isa = PBXBuildFile; fileRef = DC0C3D122B5F732F00D9BBB2 /* SDL2_image.framework */; };
		DC0C3D142B5F732F00D9BBB2 /* SDL2_image.framework in Embed Frameworks */ = {isa = PBXBuildFile; fileRef = DC0C3D122B5F732F00D9BBB2 /* SDL2_image.framework */; settings = {ATTRIBUTES = (CodeSignOnCopy, RemoveHeadersOnCopy, ); }; };
		DC0C3D1A2B5F883800D9BBB2 /* TextureManager.cpp in Sources */ = {isa = PBXBuildFile; fileRef = DC0C3D182B5F883800D9BBB2 /* TextureManager.cpp */; };
		DC61EE5E2B54F7C60054C3DB /* Assets.xcassets in Resources */ = {isa = PBXBuildFile; fileRef = DC61EE5D2B54F7C60054C3DB /* Assets.xcassets */; };
		DC61EE6C2B54F7DE0054C3DB /* SDL2.framework in Frameworks */ = {isa = PBXBuildFile; fileRef = DC61EE6B2B54F7DE0054C3DB /* SDL2.framework */; };
		DC61EE6D2B54F7DF0054C3DB /* SDL2.framework in Embed Frameworks */ = {isa = PBXBuildFile; fileRef = DC61EE6B2B54F7DE0054C3DB /* SDL2.framework */; settings = {ATTRIBUTES = (CodeSignOnCopy, RemoveHeadersOnCopy, ); }; };
		DC61EE732B54F8BD0054C3DB /* main.cpp in Sources */ = {isa = PBXBuildFile; fileRef = DC61EE712B54F8BD0054C3DB /* main.cpp */; };
		DC666E342B6B357E0070AAAB /* Entity.cpp in Sources */ = {isa = PBXBuildFile; fileRef = DC666E322B6B357E0070AAAB /* Entity.cpp */; };
		DC690F922B60ABD50094D096 /* TileMap.cpp in Sources */ = {isa = PBXBuildFile; fileRef = DC690F902B60ABD50094D096 /* TileMap.cpp */; };
		DC690FA32B60D3C90094D096 /* cupid_idle7.png in Resources */ = {isa = PBXBuildFile; fileRef = DC690F9B2B60C8340094D096 /* cupid_idle7.png */; };
		DC690FA42B60D3C90094D096 /* cupid_idle1.png in Resources */ = {isa = PBXBuildFile; fileRef = DC690F992B60C8340094D096 /* cupid_idle1.png */; };
		DC690FA52B60D3C90094D096 /* cupid_idle0.png in Resources */ = {isa = PBXBuildFile; fileRef = DC690F9A2B60C8340094D096 /* cupid_idle0.png */; };
		DC690FA62B60D3C90094D096 /* cupid_idle2.png in Resources */ = {isa = PBXBuildFile; fileRef = DC690F982B60C8310094D096 /* cupid_idle2.png */; };
		DC690FA72B60D3C90094D096 /* cupid_idle3.png in Resources */ = {isa = PBXBuildFile; fileRef = DC690F942B60C8310094D096 /* cupid_idle3.png */; };
		DC690FA82B60D3C90094D096 /* cupid_idle4.png in Resources */ = {isa = PBXBuildFile; fileRef = DC690F962B60C8310094D096 /* cupid_idle4.png */; };
		DC690FA92B60D3C90094D096 /* cupid_idle5.png in Resources */ = {isa = PBXBuildFile; fileRef = DC690F972B60C8310094D096 /* cupid_idle5.png */; };
		DC690FAA2B60D3C90094D096 /* cupid_idle6.png in Resources */ = {isa = PBXBuildFile; fileRef = DC690F952B60C8310094D096 /* cupid_idle6.png */; };
		DCB713A62B677DA1003EBF80 /* EntityManager.cpp in Sources */ = {isa = PBXBuildFile; fileRef = DCB713A42B677DA1003EBF80 /* EntityManager.cpp */; };
		DCB713AA2B678006003EBF80 /* water.png in Resources */ = {isa = PBXBuildFile; fileRef = DCB713A72B678006003EBF80 /* water.png */; };
		DCB713AB2B678006003EBF80 /* grass.png in Resources */ = {isa = PBXBuildFile; fileRef = DCB713A82B678006003EBF80 /* grass.png */; };
		DCB713AC2B678006003EBF80 /* stone.png in Resources */ = {isa = PBXBuildFile; fileRef = DCB713A92B678006003EBF80 /* stone.png */; };
		DCE5E8982C9D331D00B36530 /* CTransform.cpp in Sources */ = {isa = PBXBuildFile; fileRef = DCE5E8962C9D331D00B36530 /* CTransform.cpp */; };
		DCE5E89B2C9D335C00B36530 /* CSprite.cpp in Sources */ = {isa = PBXBuildFile; fileRef = DCE5E8992C9D335C00B36530 /* CSprite.cpp */; };
		DCE5E89E2C9D338F00B36530 /* CBoxCollider.cpp in Sources */ = {isa = PBXBuildFile; fileRef = DCE5E89C2C9D338F00B36530 /* CBoxCollider.cpp */; };
		DCE5E8A12C9D34A300B36530 /* Component.cpp in Sources */ = {isa = PBXBuildFile; fileRef = DCE5E89F2C9D34A300B36530 /* Component.cpp */; };
		DCE5E8A62C9D448C00B36530 /* Vec2.cpp in Sources */ = {isa = PBXBuildFile; fileRef = DCE5E8A42C9D448C00B36530 /* Vec2.cpp */; };
/* End PBXBuildFile section */

/* Begin PBXCopyFilesBuildPhase section */
		DC61EE6E2B54F7DF0054C3DB /* Embed Frameworks */ = {
			isa = PBXCopyFilesBuildPhase;
			buildActionMask = 2147483647;
			dstPath = "";
			dstSubfolderSpec = 10;
			files = (
				DC61EE6D2B54F7DF0054C3DB /* SDL2.framework in Embed Frameworks */,
				DC0C3D142B5F732F00D9BBB2 /* SDL2_image.framework in Embed Frameworks */,
			);
			name = "Embed Frameworks";
			runOnlyForDeploymentPostprocessing = 0;
		};
/* End PBXCopyFilesBuildPhase section */

/* Begin PBXFileReference section */
		DC0C3D0F2B5F655900D9BBB2 /* Game.cpp */ = {isa = PBXFileReference; lastKnownFileType = sourcecode.cpp.cpp; path = Game.cpp; sourceTree = "<group>"; };
		DC0C3D102B5F655900D9BBB2 /* Game.hpp */ = {isa = PBXFileReference; lastKnownFileType = sourcecode.cpp.h; path = Game.hpp; sourceTree = "<group>"; };
		DC0C3D122B5F732F00D9BBB2 /* SDL2_image.framework */ = {isa = PBXFileReference; lastKnownFileType = wrapper.framework; name = SDL2_image.framework; path = ../../../../Library/Frameworks/SDL2_image.framework; sourceTree = "<group>"; };
		DC0C3D182B5F883800D9BBB2 /* TextureManager.cpp */ = {isa = PBXFileReference; lastKnownFileType = sourcecode.cpp.cpp; path = TextureManager.cpp; sourceTree = "<group>"; };
		DC0C3D192B5F883800D9BBB2 /* TextureManager.hpp */ = {isa = PBXFileReference; lastKnownFileType = sourcecode.cpp.h; path = TextureManager.hpp; sourceTree = "<group>"; };
		DC61EE572B54F7C60054C3DB /* minimi-engine.app */ = {isa = PBXFileReference; explicitFileType = wrapper.application; includeInIndex = 0; path = "minimi-engine.app"; sourceTree = BUILT_PRODUCTS_DIR; };
		DC61EE5D2B54F7C60054C3DB /* Assets.xcassets */ = {isa = PBXFileReference; lastKnownFileType = folder.assetcatalog; path = Assets.xcassets; sourceTree = "<group>"; };
		DC61EE642B54F7C60054C3DB /* minimi_engine.entitlements */ = {isa = PBXFileReference; lastKnownFileType = text.plist.entitlements; path = minimi_engine.entitlements; sourceTree = "<group>"; };
		DC61EE6B2B54F7DE0054C3DB /* SDL2.framework */ = {isa = PBXFileReference; lastKnownFileType = wrapper.framework; name = SDL2.framework; path = ../../../../Library/Frameworks/SDL2.framework; sourceTree = "<group>"; };
		DC61EE712B54F8BD0054C3DB /* main.cpp */ = {isa = PBXFileReference; lastKnownFileType = sourcecode.cpp.cpp; path = main.cpp; sourceTree = "<group>"; };
		DC666E322B6B357E0070AAAB /* Entity.cpp */ = {isa = PBXFileReference; lastKnownFileType = sourcecode.cpp.cpp; path = Entity.cpp; sourceTree = "<group>"; };
		DC666E332B6B357E0070AAAB /* Entity.hpp */ = {isa = PBXFileReference; lastKnownFileType = sourcecode.cpp.h; path = Entity.hpp; sourceTree = "<group>"; };
		DC690F902B60ABD50094D096 /* TileMap.cpp */ = {isa = PBXFileReference; lastKnownFileType = sourcecode.cpp.cpp; path = TileMap.cpp; sourceTree = "<group>"; };
		DC690F912B60ABD50094D096 /* TileMap.hpp */ = {isa = PBXFileReference; lastKnownFileType = sourcecode.cpp.h; path = TileMap.hpp; sourceTree = "<group>"; };
		DC690F942B60C8310094D096 /* cupid_idle3.png */ = {isa = PBXFileReference; lastKnownFileType = image.png; path = cupid_idle3.png; sourceTree = "<group>"; };
		DC690F952B60C8310094D096 /* cupid_idle6.png */ = {isa = PBXFileReference; lastKnownFileType = image.png; path = cupid_idle6.png; sourceTree = "<group>"; };
		DC690F962B60C8310094D096 /* cupid_idle4.png */ = {isa = PBXFileReference; lastKnownFileType = image.png; path = cupid_idle4.png; sourceTree = "<group>"; };
		DC690F972B60C8310094D096 /* cupid_idle5.png */ = {isa = PBXFileReference; lastKnownFileType = image.png; path = cupid_idle5.png; sourceTree = "<group>"; };
		DC690F982B60C8310094D096 /* cupid_idle2.png */ = {isa = PBXFileReference; lastKnownFileType = image.png; path = cupid_idle2.png; sourceTree = "<group>"; };
		DC690F992B60C8340094D096 /* cupid_idle1.png */ = {isa = PBXFileReference; lastKnownFileType = image.png; path = cupid_idle1.png; sourceTree = "<group>"; };
		DC690F9A2B60C8340094D096 /* cupid_idle0.png */ = {isa = PBXFileReference; lastKnownFileType = image.png; path = cupid_idle0.png; sourceTree = "<group>"; };
		DC690F9B2B60C8340094D096 /* cupid_idle7.png */ = {isa = PBXFileReference; lastKnownFileType = image.png; path = cupid_idle7.png; sourceTree = "<group>"; };
		DCB713A42B677DA1003EBF80 /* EntityManager.cpp */ = {isa = PBXFileReference; lastKnownFileType = sourcecode.cpp.cpp; path = EntityManager.cpp; sourceTree = "<group>"; };
		DCB713A52B677DA1003EBF80 /* EntityManager.hpp */ = {isa = PBXFileReference; lastKnownFileType = sourcecode.cpp.h; path = EntityManager.hpp; sourceTree = "<group>"; };
		DCB713A72B678006003EBF80 /* water.png */ = {isa = PBXFileReference; lastKnownFileType = image.png; path = water.png; sourceTree = "<group>"; };
		DCB713A82B678006003EBF80 /* grass.png */ = {isa = PBXFileReference; lastKnownFileType = image.png; path = grass.png; sourceTree = "<group>"; };
		DCB713A92B678006003EBF80 /* stone.png */ = {isa = PBXFileReference; lastKnownFileType = image.png; path = stone.png; sourceTree = "<group>"; };
		DCE5E8962C9D331D00B36530 /* CTransform.cpp */ = {isa = PBXFileReference; lastKnownFileType = sourcecode.cpp.cpp; path = CTransform.cpp; sourceTree = "<group>"; };
		DCE5E8972C9D331D00B36530 /* CTransform.hpp */ = {isa = PBXFileReference; lastKnownFileType = sourcecode.cpp.h; path = CTransform.hpp; sourceTree = "<group>"; };
		DCE5E8992C9D335C00B36530 /* CSprite.cpp */ = {isa = PBXFileReference; lastKnownFileType = sourcecode.cpp.cpp; path = CSprite.cpp; sourceTree = "<group>"; };
		DCE5E89A2C9D335C00B36530 /* CSprite.hpp */ = {isa = PBXFileReference; lastKnownFileType = sourcecode.cpp.h; path = CSprite.hpp; sourceTree = "<group>"; };
		DCE5E89C2C9D338F00B36530 /* CBoxCollider.cpp */ = {isa = PBXFileReference; lastKnownFileType = sourcecode.cpp.cpp; path = CBoxCollider.cpp; sourceTree = "<group>"; };
		DCE5E89D2C9D338F00B36530 /* CBoxCollider.hpp */ = {isa = PBXFileReference; lastKnownFileType = sourcecode.cpp.h; path = CBoxCollider.hpp; sourceTree = "<group>"; };
		DCE5E89F2C9D34A300B36530 /* Component.cpp */ = {isa = PBXFileReference; lastKnownFileType = sourcecode.cpp.cpp; path = Component.cpp; sourceTree = "<group>"; };
		DCE5E8A02C9D34A300B36530 /* Component.hpp */ = {isa = PBXFileReference; lastKnownFileType = sourcecode.cpp.h; path = Component.hpp; sourceTree = "<group>"; };
		DCE5E8A42C9D448C00B36530 /* Vec2.cpp */ = {isa = PBXFileReference; lastKnownFileType = sourcecode.cpp.cpp; path = Vec2.cpp; sourceTree = "<group>"; };
		DCE5E8A52C9D448C00B36530 /* Vec2.hpp */ = {isa = PBXFileReference; lastKnownFileType = sourcecode.cpp.h; path = Vec2.hpp; sourceTree = "<group>"; };
/* End PBXFileReference section */

/* Begin PBXFrameworksBuildPhase section */
		DC61EE542B54F7C60054C3DB /* Frameworks */ = {
			isa = PBXFrameworksBuildPhase;
			buildActionMask = 2147483647;
			files = (
				DC61EE6C2B54F7DE0054C3DB /* SDL2.framework in Frameworks */,
				DC0C3D132B5F732F00D9BBB2 /* SDL2_image.framework in Frameworks */,
			);
			runOnlyForDeploymentPostprocessing = 0;
		};
/* End PBXFrameworksBuildPhase section */

/* Begin PBXGroup section */
		DC0C3D152B5F7A2400D9BBB2 /* Assets */ = {
			isa = PBXGroup;
			children = (
				DC690F9C2B60C8440094D096 /* Tiles */,
				DC690F932B60C8280094D096 /* Character */,
			);
			path = Assets;
			sourceTree = "<group>";
		};
		DC61EE4E2B54F7C60054C3DB = {
			isa = PBXGroup;
			children = (
				DC61EE592B54F7C60054C3DB /* minimi-engine */,
				DC61EE582B54F7C60054C3DB /* Products */,
				DC61EE6A2B54F7DE0054C3DB /* Frameworks */,
			);
			sourceTree = "<group>";
		};
		DC61EE582B54F7C60054C3DB /* Products */ = {
			isa = PBXGroup;
			children = (
				DC61EE572B54F7C60054C3DB /* minimi-engine.app */,
			);
			name = Products;
			sourceTree = "<group>";
		};
		DC61EE592B54F7C60054C3DB /* minimi-engine */ = {
			isa = PBXGroup;
			children = (
				DCE5E8A32C9D447F00B36530 /* Math */,
				DCE5E8942C9D32D300B36530 /* Components */,
				DC0C3D152B5F7A2400D9BBB2 /* Assets */,
				DC61EE5D2B54F7C60054C3DB /* Assets.xcassets */,
				DC61EE642B54F7C60054C3DB /* minimi_engine.entitlements */,
				DC61EE712B54F8BD0054C3DB /* main.cpp */,
				DC0C3D0F2B5F655900D9BBB2 /* Game.cpp */,
				DC0C3D102B5F655900D9BBB2 /* Game.hpp */,
				DC0C3D182B5F883800D9BBB2 /* TextureManager.cpp */,
				DC0C3D192B5F883800D9BBB2 /* TextureManager.hpp */,
				DC690F902B60ABD50094D096 /* TileMap.cpp */,
				DC690F912B60ABD50094D096 /* TileMap.hpp */,
				DCB713A42B677DA1003EBF80 /* EntityManager.cpp */,
				DCB713A52B677DA1003EBF80 /* EntityManager.hpp */,
				DC666E322B6B357E0070AAAB /* Entity.cpp */,
				DC666E332B6B357E0070AAAB /* Entity.hpp */,
				DCE5E89F2C9D34A300B36530 /* Component.cpp */,
				DCE5E8A02C9D34A300B36530 /* Component.hpp */,
			);
			path = "minimi-engine";
			sourceTree = "<group>";
		};
		DC61EE6A2B54F7DE0054C3DB /* Frameworks */ = {
			isa = PBXGroup;
			children = (
				DC0C3D122B5F732F00D9BBB2 /* SDL2_image.framework */,
				DC61EE6B2B54F7DE0054C3DB /* SDL2.framework */,
			);
			name = Frameworks;
			sourceTree = "<group>";
		};
		DC690F932B60C8280094D096 /* Character */ = {
			isa = PBXGroup;
			children = (
				DC690F9B2B60C8340094D096 /* cupid_idle7.png */,
				DC690F992B60C8340094D096 /* cupid_idle1.png */,
				DC690F9A2B60C8340094D096 /* cupid_idle0.png */,
				DC690F982B60C8310094D096 /* cupid_idle2.png */,
				DC690F942B60C8310094D096 /* cupid_idle3.png */,
				DC690F962B60C8310094D096 /* cupid_idle4.png */,
				DC690F972B60C8310094D096 /* cupid_idle5.png */,
				DC690F952B60C8310094D096 /* cupid_idle6.png */,
			);
			path = Character;
			sourceTree = "<group>";
		};
		DC690F9C2B60C8440094D096 /* Tiles */ = {
			isa = PBXGroup;
			children = (
				DCB713A82B678006003EBF80 /* grass.png */,
				DCB713A92B678006003EBF80 /* stone.png */,
				DCB713A72B678006003EBF80 /* water.png */,
			);
			path = Tiles;
			sourceTree = "<group>";
		};
		DCE5E8942C9D32D300B36530 /* Components */ = {
			isa = PBXGroup;
			children = (
				DCE5E8962C9D331D00B36530 /* CTransform.cpp */,
				DCE5E8972C9D331D00B36530 /* CTransform.hpp */,
				DCE5E8992C9D335C00B36530 /* CSprite.cpp */,
				DCE5E89A2C9D335C00B36530 /* CSprite.hpp */,
				DCE5E89C2C9D338F00B36530 /* CBoxCollider.cpp */,
				DCE5E89D2C9D338F00B36530 /* CBoxCollider.hpp */,
			);
			path = Components;
			sourceTree = "<group>";
		};
		DCE5E8A32C9D447F00B36530 /* Math */ = {
			isa = PBXGroup;
			children = (
				DCE5E8A42C9D448C00B36530 /* Vec2.cpp */,
				DCE5E8A52C9D448C00B36530 /* Vec2.hpp */,
			);
			path = Math;
			sourceTree = "<group>";
		};
/* End PBXGroup section */

/* Begin PBXNativeTarget section */
		DC61EE562B54F7C60054C3DB /* minimi-engine */ = {
			isa = PBXNativeTarget;
			buildConfigurationList = DC61EE672B54F7C60054C3DB /* Build configuration list for PBXNativeTarget "minimi-engine" */;
			buildPhases = (
				DC61EE532B54F7C60054C3DB /* Sources */,
				DC61EE542B54F7C60054C3DB /* Frameworks */,
				DC61EE552B54F7C60054C3DB /* Resources */,
				DC61EE6E2B54F7DF0054C3DB /* Embed Frameworks */,
			);
			buildRules = (
			);
			dependencies = (
			);
			name = "minimi-engine";
			productName = "minimi-engine";
			productReference = DC61EE572B54F7C60054C3DB /* minimi-engine.app */;
			productType = "com.apple.product-type.application";
		};
/* End PBXNativeTarget section */

/* Begin PBXProject section */
		DC61EE4F2B54F7C60054C3DB /* Project object */ = {
			isa = PBXProject;
			attributes = {
				BuildIndependentTargetsInParallel = 1;
				LastUpgradeCheck = 1500;
				TargetAttributes = {
					DC61EE562B54F7C60054C3DB = {
						CreatedOnToolsVersion = 15.0;
					};
				};
			};
			buildConfigurationList = DC61EE522B54F7C60054C3DB /* Build configuration list for PBXProject "minimi-engine" */;
			compatibilityVersion = "Xcode 14.0";
			developmentRegion = en;
			hasScannedForEncodings = 0;
			knownRegions = (
				en,
				Base,
			);
			mainGroup = DC61EE4E2B54F7C60054C3DB;
			productRefGroup = DC61EE582B54F7C60054C3DB /* Products */;
			projectDirPath = "";
			projectRoot = "";
			targets = (
				DC61EE562B54F7C60054C3DB /* minimi-engine */,
			);
		};
/* End PBXProject section */

/* Begin PBXResourcesBuildPhase section */
		DC61EE552B54F7C60054C3DB /* Resources */ = {
			isa = PBXResourcesBuildPhase;
			buildActionMask = 2147483647;
			files = (
				DC690FA32B60D3C90094D096 /* cupid_idle7.png in Resources */,
				DCB713AC2B678006003EBF80 /* stone.png in Resources */,
				DC690FA42B60D3C90094D096 /* cupid_idle1.png in Resources */,
				DC690FA52B60D3C90094D096 /* cupid_idle0.png in Resources */,
				DC690FA62B60D3C90094D096 /* cupid_idle2.png in Resources */,
				DC690FA72B60D3C90094D096 /* cupid_idle3.png in Resources */,
				DC690FA82B60D3C90094D096 /* cupid_idle4.png in Resources */,
				DC690FA92B60D3C90094D096 /* cupid_idle5.png in Resources */,
				DC690FAA2B60D3C90094D096 /* cupid_idle6.png in Resources */,
				DCB713AB2B678006003EBF80 /* grass.png in Resources */,
				DC61EE5E2B54F7C60054C3DB /* Assets.xcassets in Resources */,
				DCB713AA2B678006003EBF80 /* water.png in Resources */,
			);
			runOnlyForDeploymentPostprocessing = 0;
		};
/* End PBXResourcesBuildPhase section */

/* Begin PBXSourcesBuildPhase section */
		DC61EE532B54F7C60054C3DB /* Sources */ = {
			isa = PBXSourcesBuildPhase;
			buildActionMask = 2147483647;
			files = (
				DC61EE732B54F8BD0054C3DB /* main.cpp in Sources */,
				DCE5E89E2C9D338F00B36530 /* CBoxCollider.cpp in Sources */,
				DC0C3D112B5F655900D9BBB2 /* Game.cpp in Sources */,
				DC690F922B60ABD50094D096 /* TileMap.cpp in Sources */,
				DCE5E8A62C9D448C00B36530 /* Vec2.cpp in Sources */,
				DCE5E89B2C9D335C00B36530 /* CSprite.cpp in Sources */,
				DCB713A62B677DA1003EBF80 /* EntityManager.cpp in Sources */,
				DC666E342B6B357E0070AAAB /* Entity.cpp in Sources */,
				DCE5E8982C9D331D00B36530 /* CTransform.cpp in Sources */,
				DC0C3D1A2B5F883800D9BBB2 /* TextureManager.cpp in Sources */,
				DCE5E8A12C9D34A300B36530 /* Component.cpp in Sources */,
			);
			runOnlyForDeploymentPostprocessing = 0;
		};
/* End PBXSourcesBuildPhase section */

/* Begin XCBuildConfiguration section */
		DC61EE652B54F7C60054C3DB /* Debug */ = {
			isa = XCBuildConfiguration;
			buildSettings = {
				ALWAYS_SEARCH_USER_PATHS = NO;
				ASSETCATALOG_COMPILER_GENERATE_SWIFT_ASSET_SYMBOL_EXTENSIONS = YES;
				CLANG_ANALYZER_NONNULL = YES;
				CLANG_ANALYZER_NUMBER_OBJECT_CONVERSION = YES_AGGRESSIVE;
				CLANG_CXX_LANGUAGE_STANDARD = "gnu++20";
				CLANG_ENABLE_MODULES = YES;
				CLANG_ENABLE_OBJC_ARC = YES;
				CLANG_ENABLE_OBJC_WEAK = YES;
				CLANG_WARN_BLOCK_CAPTURE_AUTORELEASING = YES;
				CLANG_WARN_BOOL_CONVERSION = YES;
				CLANG_WARN_COMMA = YES;
				CLANG_WARN_CONSTANT_CONVERSION = YES;
				CLANG_WARN_DEPRECATED_OBJC_IMPLEMENTATIONS = YES;
				CLANG_WARN_DIRECT_OBJC_ISA_USAGE = YES_ERROR;
				CLANG_WARN_DOCUMENTATION_COMMENTS = YES;
				CLANG_WARN_EMPTY_BODY = YES;
				CLANG_WARN_ENUM_CONVERSION = YES;
				CLANG_WARN_INFINITE_RECURSION = YES;
				CLANG_WARN_INT_CONVERSION = YES;
				CLANG_WARN_NON_LITERAL_NULL_CONVERSION = YES;
				CLANG_WARN_OBJC_IMPLICIT_RETAIN_SELF = YES;
				CLANG_WARN_OBJC_LITERAL_CONVERSION = YES;
				CLANG_WARN_OBJC_ROOT_CLASS = YES_ERROR;
				CLANG_WARN_QUOTED_INCLUDE_IN_FRAMEWORK_HEADER = YES;
				CLANG_WARN_RANGE_LOOP_ANALYSIS = YES;
				CLANG_WARN_STRICT_PROTOTYPES = YES;
				CLANG_WARN_SUSPICIOUS_MOVE = YES;
				CLANG_WARN_UNGUARDED_AVAILABILITY = YES_AGGRESSIVE;
				CLANG_WARN_UNREACHABLE_CODE = YES;
				CLANG_WARN__DUPLICATE_METHOD_MATCH = YES;
				COPY_PHASE_STRIP = NO;
				DEBUG_INFORMATION_FORMAT = dwarf;
				ENABLE_STRICT_OBJC_MSGSEND = YES;
				ENABLE_TESTABILITY = YES;
				ENABLE_USER_SCRIPT_SANDBOXING = YES;
				GCC_C_LANGUAGE_STANDARD = gnu17;
				GCC_DYNAMIC_NO_PIC = NO;
				GCC_NO_COMMON_BLOCKS = YES;
				GCC_OPTIMIZATION_LEVEL = 0;
				GCC_PREPROCESSOR_DEFINITIONS = (
					"DEBUG=1",
					"$(inherited)",
				);
				GCC_WARN_64_TO_32_BIT_CONVERSION = YES;
				GCC_WARN_ABOUT_RETURN_TYPE = YES_ERROR;
				GCC_WARN_UNDECLARED_SELECTOR = YES;
				GCC_WARN_UNINITIALIZED_AUTOS = YES_AGGRESSIVE;
				GCC_WARN_UNUSED_FUNCTION = YES;
				GCC_WARN_UNUSED_VARIABLE = YES;
				LOCALIZATION_PREFERS_STRING_CATALOGS = YES;
				MACOSX_DEPLOYMENT_TARGET = 14.0;
				MTL_ENABLE_DEBUG_INFO = INCLUDE_SOURCE;
				MTL_FAST_MATH = YES;
				ONLY_ACTIVE_ARCH = YES;
				SDKROOT = macosx;
			};
			name = Debug;
		};
		DC61EE662B54F7C60054C3DB /* Release */ = {
			isa = XCBuildConfiguration;
			buildSettings = {
				ALWAYS_SEARCH_USER_PATHS = NO;
				ASSETCATALOG_COMPILER_GENERATE_SWIFT_ASSET_SYMBOL_EXTENSIONS = YES;
				CLANG_ANALYZER_NONNULL = YES;
				CLANG_ANALYZER_NUMBER_OBJECT_CONVERSION = YES_AGGRESSIVE;
				CLANG_CXX_LANGUAGE_STANDARD = "gnu++20";
				CLANG_ENABLE_MODULES = YES;
				CLANG_ENABLE_OBJC_ARC = YES;
				CLANG_ENABLE_OBJC_WEAK = YES;
				CLANG_WARN_BLOCK_CAPTURE_AUTORELEASING = YES;
				CLANG_WARN_BOOL_CONVERSION = YES;
				CLANG_WARN_COMMA = YES;
				CLANG_WARN_CONSTANT_CONVERSION = YES;
				CLANG_WARN_DEPRECATED_OBJC_IMPLEMENTATIONS = YES;
				CLANG_WARN_DIRECT_OBJC_ISA_USAGE = YES_ERROR;
				CLANG_WARN_DOCUMENTATION_COMMENTS = YES;
				CLANG_WARN_EMPTY_BODY = YES;
				CLANG_WARN_ENUM_CONVERSION = YES;
				CLANG_WARN_INFINITE_RECURSION = YES;
				CLANG_WARN_INT_CONVERSION = YES;
				CLANG_WARN_NON_LITERAL_NULL_CONVERSION = YES;
				CLANG_WARN_OBJC_IMPLICIT_RETAIN_SELF = YES;
				CLANG_WARN_OBJC_LITERAL_CONVERSION = YES;
				CLANG_WARN_OBJC_ROOT_CLASS = YES_ERROR;
				CLANG_WARN_QUOTED_INCLUDE_IN_FRAMEWORK_HEADER = YES;
				CLANG_WARN_RANGE_LOOP_ANALYSIS = YES;
				CLANG_WARN_STRICT_PROTOTYPES = YES;
				CLANG_WARN_SUSPICIOUS_MOVE = YES;
				CLANG_WARN_UNGUARDED_AVAILABILITY = YES_AGGRESSIVE;
				CLANG_WARN_UNREACHABLE_CODE = YES;
				CLANG_WARN__DUPLICATE_METHOD_MATCH = YES;
				COPY_PHASE_STRIP = NO;
				DEBUG_INFORMATION_FORMAT = "dwarf-with-dsym";
				ENABLE_NS_ASSERTIONS = NO;
				ENABLE_STRICT_OBJC_MSGSEND = YES;
				ENABLE_USER_SCRIPT_SANDBOXING = YES;
				GCC_C_LANGUAGE_STANDARD = gnu17;
				GCC_NO_COMMON_BLOCKS = YES;
				GCC_WARN_64_TO_32_BIT_CONVERSION = YES;
				GCC_WARN_ABOUT_RETURN_TYPE = YES_ERROR;
				GCC_WARN_UNDECLARED_SELECTOR = YES;
				GCC_WARN_UNINITIALIZED_AUTOS = YES_AGGRESSIVE;
				GCC_WARN_UNUSED_FUNCTION = YES;
				GCC_WARN_UNUSED_VARIABLE = YES;
				LOCALIZATION_PREFERS_STRING_CATALOGS = YES;
				MACOSX_DEPLOYMENT_TARGET = 14.0;
				MTL_ENABLE_DEBUG_INFO = NO;
				MTL_FAST_MATH = YES;
				SDKROOT = macosx;
			};
			name = Release;
		};
		DC61EE682B54F7C60054C3DB /* Debug */ = {
			isa = XCBuildConfiguration;
			buildSettings = {
				ASSETCATALOG_COMPILER_APPICON_NAME = AppIcon;
				ASSETCATALOG_COMPILER_GLOBAL_ACCENT_COLOR_NAME = AccentColor;
				CODE_SIGN_ENTITLEMENTS = "minimi-engine/minimi_engine.entitlements";
				CODE_SIGN_STYLE = Automatic;
				COMBINE_HIDPI_IMAGES = YES;
				CURRENT_PROJECT_VERSION = 1;
				DEVELOPMENT_TEAM = CX4Z7PD7LA;
				ENABLE_HARDENED_RUNTIME = YES;
				FRAMEWORK_SEARCH_PATHS = (
					"$(inherited)",
					"$(LOCAL_LIBRARY_DIR)/Frameworks",
				);
				GENERATE_INFOPLIST_FILE = YES;
				INFOPLIST_KEY_NSHumanReadableCopyright = "";
				INFOPLIST_KEY_NSMainNibFile = MainMenu;
				INFOPLIST_KEY_NSPrincipalClass = NSApplication;
				LD_RUNPATH_SEARCH_PATHS = (
					"$(inherited)",
					"@executable_path/../Frameworks",
				);
				MARKETING_VERSION = 1.0;
				PRODUCT_BUNDLE_IDENTIFIER = "mimimosa.minimi-engine";
				PRODUCT_NAME = "$(TARGET_NAME)";
				SWIFT_EMIT_LOC_STRINGS = YES;
			};
			name = Debug;
		};
		DC61EE692B54F7C60054C3DB /* Release */ = {
			isa = XCBuildConfiguration;
			buildSettings = {
				ASSETCATALOG_COMPILER_APPICON_NAME = AppIcon;
				ASSETCATALOG_COMPILER_GLOBAL_ACCENT_COLOR_NAME = AccentColor;
				CODE_SIGN_ENTITLEMENTS = "minimi-engine/minimi_engine.entitlements";
				CODE_SIGN_STYLE = Automatic;
				COMBINE_HIDPI_IMAGES = YES;
				CURRENT_PROJECT_VERSION = 1;
				DEVELOPMENT_TEAM = CX4Z7PD7LA;
				ENABLE_HARDENED_RUNTIME = YES;
				FRAMEWORK_SEARCH_PATHS = (
					"$(inherited)",
					"$(LOCAL_LIBRARY_DIR)/Frameworks",
				);
				GENERATE_INFOPLIST_FILE = YES;
				INFOPLIST_KEY_NSHumanReadableCopyright = "";
				INFOPLIST_KEY_NSMainNibFile = MainMenu;
				INFOPLIST_KEY_NSPrincipalClass = NSApplication;
				LD_RUNPATH_SEARCH_PATHS = (
					"$(inherited)",
					"@executable_path/../Frameworks",
				);
				MARKETING_VERSION = 1.0;
				PRODUCT_BUNDLE_IDENTIFIER = "mimimosa.minimi-engine";
				PRODUCT_NAME = "$(TARGET_NAME)";
				SWIFT_EMIT_LOC_STRINGS = YES;
			};
			name = Release;
		};
/* End XCBuildConfiguration section */

/* Begin XCConfigurationList section */
		DC61EE522B54F7C60054C3DB /* Build configuration list for PBXProject "minimi-engine" */ = {
			isa = XCConfigurationList;
			buildConfigurations = (
				DC61EE652B54F7C60054C3DB /* Debug */,
				DC61EE662B54F7C60054C3DB /* Release */,
			);
			defaultConfigurationIsVisible = 0;
			defaultConfigurationName = Release;
		};
		DC61EE672B54F7C60054C3DB /* Build configuration list for PBXNativeTarget "minimi-engine" */ = {
			isa = XCConfigurationList;
			buildConfigurations = (
				DC61EE682B54F7C60054C3DB /* Debug */,
				DC61EE692B54F7C60054C3DB /* Release */,
			);
			defaultConfigurationIsVisible = 0;
			defaultConfigurationName = Release;
		};
/* End XCConfigurationList section */
	};
	rootObject = DC61EE4F2B54F7C60054C3DB /* Project object */;
}
